
Microsoft Visual Studio Solution File, Format Version 12.00
# Visual Studio Version 17
VisualStudioVersion = 17.4.33122.133
MinimumVisualStudioVersion = 10.0.40219.1
Project("{FAE04EC0-301F-11D3-BF4B-00C04F79EFBC}") = "algorithm9.1", "algorithm9.1\algorithm9.1.csproj", "{102A825E-49E0-4FF7-AD93-43127FBD89B5}"
EndProject
Global
	GlobalSection(SolutionConfigurationPlatforms) = preSolution
		Debug|Any CPU = Debug|Any CPU
		Release|Any CPU = Release|Any CPU
	EndGlobalSection
	GlobalSection(ProjectConfigurationPlatforms) = postSolution
		{102A825E-49E0-4FF7-AD93-43127FBD89B5}.Debug|Any CPU.ActiveCfg = Debug|Any CPU
		{102A825E-49E0-4FF7-AD93-43127FBD89B5}.Debug|Any CPU.Build.0 = Debug|Any CPU
		{102A825E-49E0-4FF7-AD93-43127FBD89B5}.Release|Any CPU.ActiveCfg = Release|Any CPU
		{102A825E-49E0-4FF7-AD93-43127FBD89B5}.Release|Any CPU.Build.0 = Release|Any CPU
	EndGlobalSection
	GlobalSection(SolutionProperties) = preSolution
		HideSolutionNode = FALSE
	EndGlobalSection
	GlobalSection(ExtensibilityGlobals) = postSolution
		SolutionGuid = {85AFDB17-5758-4743-8DFE-22BE43DDD992}
	EndGlobalSection
EndGlobal
